
Microsoft Visual Studio Solution File, Format Version 12.00
# Visual Studio Version 17
VisualStudioVersion = 17.0.31903.59
MinimumVisualStudioVersion = 10.0.40219.1
Project("{2150E333-8FDC-42A3-9474-1A3956D46DE8}") = "src", "src", "{BCC9851B-55A4-4D36-8725-09BD3FF86A4C}"
EndProject
Project("{FAE04EC0-301F-11D3-BF4B-00C04F79EFBC}") = "Server", "src\Server\Server.csproj", "{EBB8C353-33E0-4043-B619-80EF64F8111E}"
EndProject
Global
	GlobalSection(SolutionConfigurationPlatforms) = preSolution
		Debug|Any CPU = Debug|Any CPU
		Release|Any CPU = Release|Any CPU
	EndGlobalSection
	GlobalSection(SolutionProperties) = preSolution
		HideSolutionNode = FALSE
	EndGlobalSection
	GlobalSection(NestedProjects) = preSolution
		{EBB8C353-33E0-4043-B619-80EF64F8111E} = {BCC9851B-55A4-4D36-8725-09BD3FF86A4C}
	EndGlobalSection
	GlobalSection(ProjectConfigurationPlatforms) = postSolution
		{EBB8C353-33E0-4043-B619-80EF64F8111E}.Debug|Any CPU.ActiveCfg = Debug|Any CPU
		{EBB8C353-33E0-4043-B619-80EF64F8111E}.Debug|Any CPU.Build.0 = Debug|Any CPU
		{EBB8C353-33E0-4043-B619-80EF64F8111E}.Release|Any CPU.ActiveCfg = Release|Any CPU
		{EBB8C353-33E0-4043-B619-80EF64F8111E}.Release|Any CPU.Build.0 = Release|Any CPU
	EndGlobalSection
EndGlobal
